// !$*UTF8*$!
{
	archiveVersion = 1;
	classes = {
	};
	objectVersion = 55;
	objects = {

/* Begin PBXBuildFile section */
		CF7BF62226FF613F00961BD7 /* AppDelegate.swift in Sources */ = {isa = PBXBuildFile; fileRef = CF7BF62126FF613F00961BD7 /* AppDelegate.swift */; };
		CF7BF62426FF613F00961BD7 /* SceneDelegate.swift in Sources */ = {isa = PBXBuildFile; fileRef = CF7BF62326FF613F00961BD7 /* SceneDelegate.swift */; };
		CF7BF62626FF613F00961BD7 /* ViewController.swift in Sources */ = {isa = PBXBuildFile; fileRef = CF7BF62526FF613F00961BD7 /* ViewController.swift */; };
		CF7BF62926FF613F00961BD7 /* Main.storyboard in Resources */ = {isa = PBXBuildFile; fileRef = CF7BF62726FF613F00961BD7 /* Main.storyboard */; };
		CF7BF62B26FF614000961BD7 /* Assets.xcassets in Resources */ = {isa = PBXBuildFile; fileRef = CF7BF62A26FF614000961BD7 /* Assets.xcassets */; };
		CF7BF62E26FF614000961BD7 /* LaunchScreen.storyboard in Resources */ = {isa = PBXBuildFile; fileRef = CF7BF62C26FF614000961BD7 /* LaunchScreen.storyboard */; };
		CF7BF63626FF627B00961BD7 /* roundButton.swift in Sources */ = {isa = PBXBuildFile; fileRef = CF7BF63526FF627B00961BD7 /* roundButton.swift */; };
/* End PBXBuildFile section */

/* Begin PBXFileReference section */
		CF7BF61E26FF613F00961BD7 /* NEW-CALC.app */ = {isa = PBXFileReference; explicitFileType = wrapper.application; includeInIndex = 0; path = "NEW-CALC.app"; sourceTree = BUILT_PRODUCTS_DIR; };
		CF7BF62126FF613F00961BD7 /* AppDelegate.swift */ = {isa = PBXFileReference; lastKnownFileType = sourcecode.swift; path = AppDelegate.swift; sourceTree = "<group>"; };
		CF7BF62326FF613F00961BD7 /* SceneDelegate.swift */ = {isa = PBXFileReference; lastKnownFileType = sourcecode.swift; path = SceneDelegate.swift; sourceTree = "<group>"; };
		CF7BF62526FF613F00961BD7 /* ViewController.swift */ = {isa = PBXFileReference; lastKnownFileType = sourcecode.swift; path = ViewController.swift; sourceTree = "<group>"; };
		CF7BF62826FF613F00961BD7 /* Base */ = {isa = PBXFileReference; lastKnownFileType = file.storyboard; name = Base; path = Base.lproj/Main.storyboard; sourceTree = "<group>"; };
		CF7BF62A26FF614000961BD7 /* Assets.xcassets */ = {isa = PBXFileReference; lastKnownFileType = folder.assetcatalog; path = Assets.xcassets; sourceTree = "<group>"; };
		CF7BF62D26FF614000961BD7 /* Base */ = {isa = PBXFileReference; lastKnownFileType = file.storyboard; name = Base; path = Base.lproj/LaunchScreen.storyboard; sourceTree = "<group>"; };
		CF7BF62F26FF614000961BD7 /* Info.plist */ = {isa = PBXFileReference; lastKnownFileType = text.plist.xml; path = Info.plist; sourceTree = "<group>"; };
		CF7BF63526FF627B00961BD7 /* roundButton.swift */ = {isa = PBXFileReference; lastKnownFileType = sourcecode.swift; path = roundButton.swift; sourceTree = "<group>"; };
/* End PBXFileReference section */

/* Begin PBXFrameworksBuildPhase section */
		CF7BF61B26FF613F00961BD7 /* Frameworks */ = {
			isa = PBXFrameworksBuildPhase;
			buildActionMask = 2147483647;
			files = (
			);
			runOnlyForDeploymentPostprocessing = 0;
		};
/* End PBXFrameworksBuildPhase section */

/* Begin PBXGroup section */
		CF7BF61526FF613F00961BD7 = {
			isa = PBXGroup;
			children = (
				CF7BF63526FF627B00961BD7 /* roundButton.swift */,
				CF7BF62026FF613F00961BD7 /* NEW-CALC */,
				CF7BF61F26FF613F00961BD7 /* Products */,
			);
			sourceTree = "<group>";
		};
		CF7BF61F26FF613F00961BD7 /* Products */ = {
			isa = PBXGroup;
			children = (
				CF7BF61E26FF613F00961BD7 /* NEW-CALC.app */,
			);
			name = Products;
			sourceTree = "<group>";
		};
		CF7BF62026FF613F00961BD7 /* NEW-CALC */ = {
			isa = PBXGroup;
			children = (
				CF7BF62126FF613F00961BD7 /* AppDelegate.swift */,
				CF7BF62326FF613F00961BD7 /* SceneDelegate.swift */,
				CF7BF62526FF613F00961BD7 /* ViewController.swift */,
				CF7BF62726FF613F00961BD7 /* Main.storyboard */,
				CF7BF62A26FF614000961BD7 /* Assets.xcassets */,
				CF7BF62C26FF614000961BD7 /* LaunchScreen.storyboard */,
				CF7BF62F26FF614000961BD7 /* Info.plist */,
			);
			path = "NEW-CALC";
			sourceTree = "<group>";
		};
/* End PBXGroup section */

/* Begin PBXNativeTarget section */
		CF7BF61D26FF613F00961BD7 /* NEW-CALC */ = {
			isa = PBXNativeTarget;
			buildConfigurationList = CF7BF63226FF614000961BD7 /* Build configuration list for PBXNativeTarget "NEW-CALC" */;
			buildPhases = (
				CF7BF61A26FF613F00961BD7 /* Sources */,
				CF7BF61B26FF613F00961BD7 /* Frameworks */,
				CF7BF61C26FF613F00961BD7 /* Resources */,
			);
			buildRules = (
			);
			dependencies = (
			);
			name = "NEW-CALC";
			productName = "NEW-CALC";
			productReference = CF7BF61E26FF613F00961BD7 /* NEW-CALC.app */;
			productType = "com.apple.product-type.application";
		};
/* End PBXNativeTarget section */

/* Begin PBXProject section */
		CF7BF61626FF613F00961BD7 /* Project object */ = {
			isa = PBXProject;
			attributes = {
				BuildIndependentTargetsInParallel = 1;
				LastSwiftUpdateCheck = 1300;
				LastUpgradeCheck = 1300;
				TargetAttributes = {
					CF7BF61D26FF613F00961BD7 = {
						CreatedOnToolsVersion = 13.0;
					};
				};
			};
			buildConfigurationList = CF7BF61926FF613F00961BD7 /* Build configuration list for PBXProject "NEW-CALC" */;
			compatibilityVersion = "Xcode 13.0";
			developmentRegion = en;
			hasScannedForEncodings = 0;
			knownRegions = (
				en,
				Base,
			);
			mainGroup = CF7BF61526FF613F00961BD7;
			productRefGroup = CF7BF61F26FF613F00961BD7 /* Products */;
			projectDirPath = "";
			projectRoot = "";
			targets = (
				CF7BF61D26FF613F00961BD7 /* NEW-CALC */,
			);
		};
/* End PBXProject section */

/* Begin PBXResourcesBuildPhase section */
		CF7BF61C26FF613F00961BD7 /* Resources */ = {
			isa = PBXResourcesBuildPhase;
			buildActionMask = 2147483647;
			files = (
				CF7BF62E26FF614000961BD7 /* LaunchScreen.storyboard in Resources */,
				CF7BF62B26FF614000961BD7 /* Assets.xcassets in Resources */,
				CF7BF62926FF613F00961BD7 /* Main.storyboard in Resources */,
			);
			runOnlyForDeploymentPostprocessing = 0;
		};
/* End PBXResourcesBuildPhase section */

/* Begin PBXSourcesBuildPhase section */
		CF7BF61A26FF613F00961BD7 /* Sources */ = {
			isa = PBXSourcesBuildPhase;
			buildActionMask = 2147483647;
			files = (
				CF7BF63626FF627B00961BD7 /* roundButton.swift in Sources */,
				CF7BF62626FF613F00961BD7 /* ViewController.swift in Sources */,
				CF7BF62226FF613F00961BD7 /* AppDelegate.swift in Sources */,
				CF7BF62426FF613F00961BD7 /* SceneDelegate.swift in Sources */,
			);
			runOnlyForDeploymentPostprocessing = 0;
		};
/* End PBXSourcesBuildPhase section */

/* Begin PBXVariantGroup section */
		CF7BF62726FF613F00961BD7 /* Main.storyboard */ = {
			isa = PBXVariantGroup;
			children = (
				CF7BF62826FF613F00961BD7 /* Base */,
			);
			name = Main.storyboard;
			sourceTree = "<group>";
		};
		CF7BF62C26FF614000961BD7 /* LaunchScreen.storyboard */ = {
			isa = PBXVariantGroup;
			children = (
				CF7BF62D26FF614000961BD7 /* Base */,
			);
			name = LaunchScreen.storyboard;
			sourceTree = "<group>";
		};
/* End PBXVariantGroup section */

/* Begin XCBuildConfiguration section */
		CF7BF63026FF614000961BD7 /* Debug */ = {
			isa = XCBuildConfiguration;
			buildSettings = {
				ALWAYS_SEARCH_USER_PATHS = NO;
				CLANG_ANALYZER_NONNULL = YES;
				CLANG_ANALYZER_NUMBER_OBJECT_CONVERSION = YES_AGGRESSIVE;
				CLANG_CXX_LANGUAGE_STANDARD = "gnu++17";
				CLANG_CXX_LIBRARY = "libc++";
				CLANG_ENABLE_MODULES = YES;
				CLANG_ENABLE_OBJC_ARC = YES;
				CLANG_ENABLE_OBJC_WEAK = YES;
				CLANG_WARN_BLOCK_CAPTURE_AUTORELEASING = YES;
				CLANG_WARN_BOOL_CONVERSION = YES;
				CLANG_WARN_COMMA = YES;
				CLANG_WARN_CONSTANT_CONVERSION = YES;
				CLANG_WARN_DEPRECATED_OBJC_IMPLEMENTATIONS = YES;
				CLANG_WARN_DIRECT_OBJC_ISA_USAGE = YES_ERROR;
				CLANG_WARN_DOCUMENTATION_COMMENTS = YES;
				CLANG_WARN_EMPTY_BODY = YES;
				CLANG_WARN_ENUM_CONVERSION = YES;
				CLANG_WARN_INFINITE_RECURSION = YES;
				CLANG_WARN_INT_CONVERSION = YES;
				CLANG_WARN_NON_LITERAL_NULL_CONVERSION = YES;
				CLANG_WARN_OBJC_IMPLICIT_RETAIN_SELF = YES;
				CLANG_WARN_OBJC_LITERAL_CONVERSION = YES;
				CLANG_WARN_OBJC_ROOT_CLASS = YES_ERROR;
				CLANG_WARN_QUOTED_INCLUDE_IN_FRAMEWORK_HEADER = YES;
				CLANG_WARN_RANGE_LOOP_ANALYSIS = YES;
				CLANG_WARN_STRICT_PROTOTYPES = YES;
				CLANG_WARN_SUSPICIOUS_MOVE = YES;
				CLANG_WARN_UNGUARDED_AVAILABILITY = YES_AGGRESSIVE;
				CLANG_WARN_UNREACHABLE_CODE = YES;
				CLANG_WARN__DUPLICATE_METHOD_MATCH = YES;
				COPY_PHASE_STRIP = NO;
				DEBUG_INFORMATION_FORMAT = dwarf;
				ENABLE_STRICT_OBJC_MSGSEND = YES;
				ENABLE_TESTABILITY = YES;
				GCC_C_LANGUAGE_STANDARD = gnu11;
				GCC_DYNAMIC_NO_PIC = NO;
				GCC_NO_COMMON_BLOCKS = YES;
				GCC_OPTIMIZATION_LEVEL = 0;
				GCC_PREPROCESSOR_DEFINITIONS = (
					"DEBUG=1",
					"$(inherited)",
				);
				GCC_WARN_64_TO_32_BIT_CONVERSION = YES;
				GCC_WARN_ABOUT_RETURN_TYPE = YES_ERROR;
				GCC_WARN_UNDECLARED_SELECTOR = YES;
				GCC_WARN_UNINITIALIZED_AUTOS = YES_AGGRESSIVE;
				GCC_WARN_UNUSED_FUNCTION = YES;
				GCC_WARN_UNUSED_VARIABLE = YES;
				IPHONEOS_DEPLOYMENT_TARGET = 15.0;
				MTL_ENABLE_DEBUG_INFO = INCLUDE_SOURCE;
				MTL_FAST_MATH = YES;
				ONLY_ACTIVE_ARCH = YES;
				SDKROOT = iphoneos;
				SWIFT_ACTIVE_COMPILATION_CONDITIONS = DEBUG;
				SWIFT_OPTIMIZATION_LEVEL = "-Onone";
			};
			name = Debug;
		};
		CF7BF63126FF614000961BD7 /* Release */ = {
			isa = XCBuildConfiguration;
			buildSettings = {
				ALWAYS_SEARCH_USER_PATHS = NO;
				CLANG_ANALYZER_NONNULL = YES;
				CLANG_ANALYZER_NUMBER_OBJECT_CONVERSION = YES_AGGRESSIVE;
				CLANG_CXX_LANGUAGE_STANDARD = "gnu++17";
				CLANG_CXX_LIBRARY = "libc++";
				CLANG_ENABLE_MODULES = YES;
				CLANG_ENABLE_OBJC_ARC = YES;
				CLANG_ENABLE_OBJC_WEAK = YES;
				CLANG_WARN_BLOCK_CAPTURE_AUTORELEASING = YES;
				CLANG_WARN_BOOL_CONVERSION = YES;
				CLANG_WARN_COMMA = YES;
				CLANG_WARN_CONSTANT_CONVERSION = YES;
				CLANG_WARN_DEPRECATED_OBJC_IMPLEMENTATIONS = YES;
				CLANG_WARN_DIRECT_OBJC_ISA_USAGE = YES_ERROR;
				CLANG_WARN_DOCUMENTATION_COMMENTS = YES;
				CLANG_WARN_EMPTY_BODY = YES;
				CLANG_WARN_ENUM_CONVERSION = YES;
				CLANG_WARN_INFINITE_RECURSION = YES;
				CLANG_WARN_INT_CONVERSION = YES;
				CLANG_WARN_NON_LITERAL_NULL_CONVERSION = YES;
				CLANG_WARN_OBJC_IMPLICIT_RETAIN_SELF = YES;
				CLANG_WARN_OBJC_LITERAL_CONVERSION = YES;
				CLANG_WARN_OBJC_ROOT_CLASS = YES_ERROR;
				CLANG_WARN_QUOTED_INCLUDE_IN_FRAMEWORK_HEADER = YES;
				CLANG_WARN_RANGE_LOOP_ANALYSIS = YES;
				CLANG_WARN_STRICT_PROTOTYPES = YES;
				CLANG_WARN_SUSPICIOUS_MOVE = YES;
				CLANG_WARN_UNGUARDED_AVAILABILITY = YES_AGGRESSIVE;
				CLANG_WARN_UNREACHABLE_CODE = YES;
				CLANG_WARN__DUPLICATE_METHOD_MATCH = YES;
				COPY_PHASE_STRIP = NO;
				DEBUG_INFORMATION_FORMAT = "dwarf-with-dsym";
				ENABLE_NS_ASSERTIONS = NO;
				ENABLE_STRICT_OBJC_MSGSEND = YES;
				GCC_C_LANGUAGE_STANDARD = gnu11;
				GCC_NO_COMMON_BLOCKS = YES;
				GCC_WARN_64_TO_32_BIT_CONVERSION = YES;
				GCC_WARN_ABOUT_RETURN_TYPE = YES_ERROR;
				GCC_WARN_UNDECLARED_SELECTOR = YES;
				GCC_WARN_UNINITIALIZED_AUTOS = YES_AGGRESSIVE;
				GCC_WARN_UNUSED_FUNCTION = YES;
				GCC_WARN_UNUSED_VARIABLE = YES;
				IPHONEOS_DEPLOYMENT_TARGET = 15.0;
				MTL_ENABLE_DEBUG_INFO = NO;
				MTL_FAST_MATH = YES;
				SDKROOT = iphoneos;
				SWIFT_COMPILATION_MODE = wholemodule;
				SWIFT_OPTIMIZATION_LEVEL = "-O";
				VALIDATE_PRODUCT = YES;
			};
			name = Release;
		};
		CF7BF63326FF614000961BD7 /* Debug */ = {
			isa = XCBuildConfiguration;
			buildSettings = {
				ASSETCATALOG_COMPILER_APPICON_NAME = AppIcon;
				ASSETCATALOG_COMPILER_GLOBAL_ACCENT_COLOR_NAME = AccentColor;
				CODE_SIGN_STYLE = Automatic;
				CURRENT_PROJECT_VERSION = 1;
				DEVELOPMENT_TEAM = VTCFHVW69B;
				GENERATE_INFOPLIST_FILE = YES;
				INFOPLIST_FILE = "NEW-CALC/Info.plist";
				INFOPLIST_KEY_UIApplicationSupportsIndirectInputEvents = YES;
				INFOPLIST_KEY_UILaunchStoryboardName = LaunchScreen;
				INFOPLIST_KEY_UIMainStoryboardFile = Main;
				INFOPLIST_KEY_UISupportedInterfaceOrientations = "UIInterfaceOrientationPortrait UIInterfaceOrientationLandscapeLeft UIInterfaceOrientationLandscapeRight";
				INFOPLIST_KEY_UISupportedInterfaceOrientations_iPad = "UIInterfaceOrientationPortrait UIInterfaceOrientationPortraitUpsideDown UIInterfaceOrientationLandscapeLeft UIInterfaceOrientationLandscapeRight";
				INFOPLIST_KEY_UISupportedInterfaceOrientations_iPhone = "UIInterfaceOrientationPortrait UIInterfaceOrientationLandscapeLeft UIInterfaceOrientationLandscapeRight";
				LD_RUNPATH_SEARCH_PATHS = (
					"$(inherited)",
					"@executable_path/Frameworks",
				);
				MARKETING_VERSION = 1.0;
				PRODUCT_BUNDLE_IDENTIFIER = "ca.centennialcollege.NEW-CALC";
				PRODUCT_NAME = "$(TARGET_NAME)";
				SWIFT_EMIT_LOC_STRINGS = YES;
				SWIFT_VERSION = 5.0;
				TARGETED_DEVICE_FAMILY = "1,2";
			};
			name = Debug;
		};
		CF7BF63426FF614000961BD7 /* Release */ = {
			isa = XCBuildConfiguration;
			buildSettings = {
				ASSETCATALOG_COMPILER_APPICON_NAME = AppIcon;
				ASSETCATALOG_COMPILER_GLOBAL_ACCENT_COLOR_NAME = AccentColor;
				CODE_SIGN_STYLE = Automatic;
				CURRENT_PROJECT_VERSION = 1;
				DEVELOPMENT_TEAM = VTCFHVW69B;
				GENERATE_INFOPLIST_FILE = YES;
				INFOPLIST_FILE = "NEW-CALC/Info.plist";
				INFOPLIST_KEY_UIApplicationSupportsIndirectInputEvents = YES;
				INFOPLIST_KEY_UILaunchStoryboardName = LaunchScreen;
				INFOPLIST_KEY_UIMainStoryboardFile = Main;
				INFOPLIST_KEY_UISupportedInterfaceOrientations = "UIInterfaceOrientationPortrait UIInterfaceOrientationLandscapeLeft UIInterfaceOrientationLandscapeRight";
				INFOPLIST_KEY_UISupportedInterfaceOrientations_iPad = "UIInterfaceOrientationPortrait UIInterfaceOrientationPortraitUpsideDown UIInterfaceOrientationLandscapeLeft UIInterfaceOrientationLandscapeRight";
				INFOPLIST_KEY_UISupportedInterfaceOrientations_iPhone = "UIInterfaceOrientationPortrait UIInterfaceOrientationLandscapeLeft UIInterfaceOrientationLandscapeRight";
				LD_RUNPATH_SEARCH_PATHS = (
					"$(inherited)",
					"@executable_path/Frameworks",
				);
				MARKETING_VERSION = 1.0;
				PRODUCT_BUNDLE_IDENTIFIER = "ca.centennialcollege.NEW-CALC";
				PRODUCT_NAME = "$(TARGET_NAME)";
				SWIFT_EMIT_LOC_STRINGS = YES;
				SWIFT_VERSION = 5.0;
				TARGETED_DEVICE_FAMILY = "1,2";
			};
			name = Release;
		};
/* End XCBuildConfiguration section */

/* Begin XCConfigurationList section */
		CF7BF61926FF613F00961BD7 /* Build configuration list for PBXProject "NEW-CALC" */ = {
			isa = XCConfigurationList;
			buildConfigurations = (
				CF7BF63026FF614000961BD7 /* Debug */,
				CF7BF63126FF614000961BD7 /* Release */,
			);
			defaultConfigurationIsVisible = 0;
			defaultConfigurationName = Release;
		};
		CF7BF63226FF614000961BD7 /* Build configuration list for PBXNativeTarget "NEW-CALC" */ = {
			isa = XCConfigurationList;
			buildConfigurations = (
				CF7BF63326FF614000961BD7 /* Debug */,
				CF7BF63426FF614000961BD7 /* Release */,
			);
			defaultConfigurationIsVisible = 0;
			defaultConfigurationName = Release;
		};
/* End XCConfigurationList section */
	};
	rootObject = CF7BF61626FF613F00961BD7 /* Project object */;
}
